version = 1
revision = 3
requires-python = ">=3.13"

[[package]]
name = "anyio"
version = "4.10.0"
source = { registry = "https://pypi.org/simple" }
dependencies = [
    { name = "idna" },
    { name = "sniffio" },
]
sdist = { url = "https://files.pythonhosted.org/packages/f1/b4/636b3b65173d3ce9a38ef5f0522789614e590dab6a8d505340a4efe4c567/anyio-4.10.0.tar.gz", hash = "sha256:3f3fae35c96039744587aa5b8371e7e8e603c0702999535961dd336026973ba6", size = 213252, upload-time = "2025-08-04T08:54:26.451Z" }
wheels = [
    { url = "https://files.pythonhosted.org/packages/6f/12/e5e0282d673bb9746bacfb6e2dba8719989d3660cdb2ea79aee9a9651afb/anyio-4.10.0-py3-none-any.whl", hash = "sha256:60e474ac86736bbfd6f210f7a61218939c318f43f9972497381f1c5e930ed3d1", size = 107213, upload-time = "2025-08-04T08:54:24.882Z" },
]

[[package]]
name = "certifi"
version = "2025.8.3"
source = { registry = "https://pypi.org/simple" }
sdist = { url = "https://files.pythonhosted.org/packages/dc/67/960ebe6bf230a96cda2e0abcf73af550ec4f090005363542f0765df162e0/certifi-2025.8.3.tar.gz", hash = "sha256:e564105f78ded564e3ae7c923924435e1daa7463faeab5bb932bc53ffae63407", size = 162386, upload-time = "2025-08-03T03:07:47.08Z" }
wheels = [
    { url = "https://files.pythonhosted.org/packages/e5/48/1549795ba7742c948d2ad169c1c8cdbae65bc450d6cd753d124b17c8cd32/certifi-2025.8.3-py3-none-any.whl", hash = "sha256:f6c12493cfb1b06ba2ff328595af9350c65d6644968e5d3a2ffd78699af217a5", size = 161216, upload-time = "2025-08-03T03:07:45.777Z" },
]

[[package]]
name = "colorama"
version = "0.4.6"
source = { registry = "https://pypi.org/simple" }
sdist = { url = "https://files.pythonhosted.org/packages/d8/53/6f443c9a4a8358a93a6792e2acffb9d9d5cb0a5cfd8802644b7b1c9a02e4/colorama-0.4.6.tar.gz", hash = "sha256:08695f5cb7ed6e0531a20572697297273c47b8cae5a63ffc6d6ed5c201be6e44", size = 27697, upload-time = "2022-10-25T02:36:22.414Z" }
wheels = [
    { url = "https://files.pythonhosted.org/packages/d1/d6/3965ed04c63042e047cb6a3e6ed1a63a35087b6a609aa3a15ed8ac56c221/colorama-0.4.6-py2.py3-none-any.whl", hash = "sha256:4f1d9991f5acc0ca119f9d443620b77f9d6b33703e51011c16baf57afb285fc6", size = 25335, upload-time = "2022-10-25T02:36:20.889Z" },
]

[[package]]
name = "financial-tracker"
version = "0.1.0"
source = { virtual = "." }
dependencies = [
    { name = "psycopg", extra = ["binary"] },
    { name = "python-dateutil" },
    { name = "ruff" },
    { name = "uv" },
]

[package.optional-dependencies]
bot = [
    { name = "python-telegram-bot" },
]

[package.metadata]
requires-dist = [
    { name = "psycopg", extras = ["binary"], specifier = "==3.2.9" },
    { name = "python-dateutil", specifier = "==2.9.0.post0" },
    { name = "python-telegram-bot", marker = "extra == 'bot'", specifier = ">=20.7,<23" },
    { name = "ruff", specifier = ">=0.12.11" },
    { name = "uv", specifier = ">=0.8.11" },
]
provides-extras = ["bot"]

[[package]]
name = "h11"
version = "0.16.0"
source = { registry = "https://pypi.org/simple" }
sdist = { url = "https://files.pythonhosted.org/packages/01/ee/02a2c011bdab74c6fb3c75474d40b3052059d95df7e73351460c8588d963/h11-0.16.0.tar.gz", hash = "sha256:4e35b956cf45792e4caa5885e69fba00bdbc6ffafbfa020300e549b208ee5ff1", size = 101250, upload-time = "2025-04-24T03:35:25.427Z" }
wheels = [
    { url = "https://files.pythonhosted.org/packages/04/4b/29cac41a4d98d144bf5f6d33995617b185d14b22401f75ca86f384e87ff1/h11-0.16.0-py3-none-any.whl", hash = "sha256:63cf8bbe7522de3bf65932fda1d9c2772064ffb3dae62d55932da54b31cb6c86", size = 37515, upload-time = "2025-04-24T03:35:24.344Z" },
]

[[package]]
name = "httpcore"
version = "1.0.9"
source = { registry = "https://pypi.org/simple" }
dependencies = [
    { name = "certifi" },
    { name = "h11" },
]
sdist = { url = "https://files.pythonhosted.org/packages/06/94/82699a10bca87a5556c9c59b5963f2d039dbd239f25bc2a63907a05a14cb/httpcore-1.0.9.tar.gz", hash = "sha256:6e34463af53fd2ab5d807f399a9b45ea31c3dfa2276f15a2c3f00afff6e176e8", size = 85484, upload-time = "2025-04-24T22:06:22.219Z" }
wheels = [
    { url = "https://files.pythonhosted.org/packages/7e/f5/f66802a942d491edb555dd61e3a9961140fd64c90bce1eafd741609d334d/httpcore-1.0.9-py3-none-any.whl", hash = "sha256:2d400746a40668fc9dec9810239072b40b4484b640a8c38fd654a024c7a1bf55", size = 78784, upload-time = "2025-04-24T22:06:20.566Z" },
]

[[package]]
name = "httpx"
version = "0.28.1"
source = { registry = "https://pypi.org/simple" }
dependencies = [
    { name = "anyio" },
    { name = "certifi" },
    { name = "httpcore" },
    { name = "idna" },
]
sdist = { url = "https://files.pythonhosted.org/packages/b1/df/48c586a5fe32a0f01324ee087459e112ebb7224f646c0b5023f5e79e9956/httpx-0.28.1.tar.gz", hash = "sha256:75e98c5f16b0f35b567856f597f06ff2270a374470a5c2392242528e3e3e42fc", size = 141406, upload-time = "2024-12-06T15:37:23.222Z" }
wheels = [
    { url = "https://files.pythonhosted.org/packages/2a/39/e50c7c3a983047577ee07d2a9e53faf5a69493943ec3f6a384bdc792deb2/httpx-0.28.1-py3-none-any.whl", hash = "sha256:d909fcccc110f8c7faf814ca82a9a4d816bc5a6dbfea25d6591d6985b8ba59ad", size = 73517, upload-time = "2024-12-06T15:37:21.509Z" },
]

[[package]]
name = "idna"
version = "3.10"
source = { registry = "https://pypi.org/simple" }
sdist = { url = "https://files.pythonhosted.org/packages/f1/70/7703c29685631f5a7590aa73f1f1d3fa9a380e654b86af429e0934a32f7d/idna-3.10.tar.gz", hash = "sha256:12f65c9b470abda6dc35cf8e63cc574b1c52b11df2c86030af0ac09b01b13ea9", size = 190490, upload-time = "2024-09-15T18:07:39.745Z" }
wheels = [
    { url = "https://files.pythonhosted.org/packages/76/c6/c88e154df9c4e1a2a66ccf0005a88dfb2650c1dffb6f5ce603dfbd452ce3/idna-3.10-py3-none-any.whl", hash = "sha256:946d195a0d259cbba61165e88e65941f16e9b36ea6ddb97f00452bae8b1287d3", size = 70442, upload-time = "2024-09-15T18:07:37.964Z" },
]

[[package]]
name = "iniconfig"
version = "2.1.0"
source = { registry = "https://pypi.org/simple" }
sdist = { url = "https://files.pythonhosted.org/packages/f2/97/ebf4da567aa6827c909642694d71c9fcf53e5b504f2d96afea02718862f3/iniconfig-2.1.0.tar.gz", hash = "sha256:3abbd2e30b36733fee78f9c7f7308f2d0050e88f0087fd25c2645f63c773e1c7", size = 4793, upload-time = "2025-03-19T20:09:59.721Z" }
wheels = [
    { url = "https://files.pythonhosted.org/packages/2c/e1/e6716421ea10d38022b952c159d5161ca1193197fb744506875fbb87ea7b/iniconfig-2.1.0-py3-none-any.whl", hash = "sha256:9deba5723312380e77435581c6bf4935c94cbfab9b1ed33ef8d238ea168eb760", size = 6050, upload-time = "2025-03-19T20:10:01.071Z" },
]

[[package]]
name = "packaging"
version = "24.2"
source = { registry = "https://pypi.org/simple" }
sdist = { url = "https://files.pythonhosted.org/packages/d0/63/68dbb6eb2de9cb10ee4c9c14a0148804425e13c4fb20d61cce69f53106da/packaging-24.2.tar.gz", hash = "sha256:c228a6dc5e932d346bc5739379109d49e8853dd8223571c7c5b55260edc0b97f", size = 163950, upload-time = "2024-11-08T09:47:47.202Z" }
wheels = [
    { url = "https://files.pythonhosted.org/packages/88/ef/eb23f262cca3c0c4eb7ab1933c3b1f03d021f2c48f54763065b6f0e321be/packaging-24.2-py3-none-any.whl", hash = "sha256:09abb1bccd265c01f4a3aa3f7a7db064b36514d2cba19a2f694fe6150451a759", size = 65451, upload-time = "2024-11-08T09:47:44.722Z" },
]

[[package]]
name = "pluggy"
version = "1.6.0"
source = { registry = "https://pypi.org/simple" }
sdist = { url = "https://files.pythonhosted.org/packages/f9/e2/3e91f31a7d2b083fe6ef3fa267035b518369d9511ffab804f839851d2779/pluggy-1.6.0.tar.gz", hash = "sha256:7dcc130b76258d33b90f61b658791dede3486c3e6bfb003ee5c9bfb396dd22f3", size = 69412, upload-time = "2025-05-15T12:30:07.975Z" }
wheels = [
    { url = "https://files.pythonhosted.org/packages/54/20/4d324d65cc6d9205fabedc306948156824eb9f0ee1633355a8f7ec5c66bf/pluggy-1.6.0-py3-none-any.whl", hash = "sha256:e920276dd6813095e9377c0bc5566d94c932c33b27a3e3945d8389c374dd4746", size = 20538, upload-time = "2025-05-15T12:30:06.134Z" },
]

[[package]]
name = "psycopg"
version = "3.2.9"
source = { registry = "https://pypi.org/simple" }
dependencies = [
    { name = "tzdata", marker = "sys_platform == 'win32'" },
]
sdist = { url = "https://files.pythonhosted.org/packages/27/4a/93a6ab570a8d1a4ad171a1f4256e205ce48d828781312c0bbaff36380ecb/psycopg-3.2.9.tar.gz", hash = "sha256:2fbb46fcd17bc81f993f28c47f1ebea38d66ae97cc2dbc3cad73b37cefbff700", size = 158122, upload-time = "2025-05-13T16:11:15.533Z" }
wheels = [
    { url = "https://files.pythonhosted.org/packages/44/b0/a73c195a56eb6b92e937a5ca58521a5c3346fb233345adc80fd3e2f542e2/psycopg-3.2.9-py3-none-any.whl", hash = "sha256:01a8dadccdaac2123c916208c96e06631641c0566b22005493f09663c7a8d3b6", size = 202705, upload-time = "2025-05-13T16:06:26.584Z" },
]

[package.optional-dependencies]
binary = [
    { name = "psycopg-binary", marker = "implementation_name != 'pypy'" },
]

[[package]]
name = "psycopg-binary"
version = "3.2.9"
source = { registry = "https://pypi.org/simple" }
wheels = [
    { url = "https://files.pythonhosted.org/packages/28/0b/f61ff4e9f23396aca674ed4d5c9a5b7323738021d5d72d36d8b865b3deaf/psycopg_binary-3.2.9-cp313-cp313-macosx_10_13_x86_64.whl", hash = "sha256:98bbe35b5ad24a782c7bf267596638d78aa0e87abc7837bdac5b2a2ab954179e", size = 4017127, upload-time = "2025-05-13T16:08:21.391Z" },
    { url = "https://files.pythonhosted.org/packages/bc/00/7e181fb1179fbfc24493738b61efd0453d4b70a0c4b12728e2b82db355fd/psycopg_binary-3.2.9-cp313-cp313-macosx_11_0_arm64.whl", hash = "sha256:72691a1615ebb42da8b636c5ca9f2b71f266be9e172f66209a361c175b7842c5", size = 4080322, upload-time = "2025-05-13T16:08:24.049Z" },
    { url = "https://files.pythonhosted.org/packages/58/fd/94fc267c1d1392c4211e54ccb943be96ea4032e761573cf1047951887494/psycopg_binary-3.2.9-cp313-cp313-manylinux_2_17_aarch64.manylinux2014_aarch64.whl", hash = "sha256:25ab464bfba8c401f5536d5aa95f0ca1dd8257b5202eede04019b4415f491351", size = 4655097, upload-time = "2025-05-13T16:08:27.376Z" },
    { url = "https://files.pythonhosted.org/packages/41/17/31b3acf43de0b2ba83eac5878ff0dea5a608ca2a5c5dd48067999503a9de/psycopg_binary-3.2.9-cp313-cp313-manylinux_2_17_i686.manylinux2014_i686.whl", hash = "sha256:0e8aeefebe752f46e3c4b769e53f1d4ad71208fe1150975ef7662c22cca80fab", size = 4482114, upload-time = "2025-05-13T16:08:30.781Z" },
    { url = "https://files.pythonhosted.org/packages/85/78/b4d75e5fd5a85e17f2beb977abbba3389d11a4536b116205846b0e1cf744/psycopg_binary-3.2.9-cp313-cp313-manylinux_2_17_ppc64le.manylinux2014_ppc64le.whl", hash = "sha256:b7e4e4dd177a8665c9ce86bc9caae2ab3aa9360b7ce7ec01827ea1baea9ff748", size = 4737693, upload-time = "2025-05-13T16:08:34.625Z" },
    { url = "https://files.pythonhosted.org/packages/3b/95/7325a8550e3388b00b5e54f4ced5e7346b531eb4573bf054c3dbbfdc14fe/psycopg_binary-3.2.9-cp313-cp313-manylinux_2_17_x86_64.manylinux2014_x86_64.whl", hash = "sha256:7fc2915949e5c1ea27a851f7a472a7da7d0a40d679f0a31e42f1022f3c562e87", size = 4437423, upload-time = "2025-05-13T16:08:37.444Z" },
    { url = "https://files.pythonhosted.org/packages/1a/db/cef77d08e59910d483df4ee6da8af51c03bb597f500f1fe818f0f3b925d3/psycopg_binary-3.2.9-cp313-cp313-musllinux_1_2_aarch64.whl", hash = "sha256:a1fa38a4687b14f517f049477178093c39c2a10fdcced21116f47c017516498f", size = 3758667, upload-time = "2025-05-13T16:08:40.116Z" },
    { url = "https://files.pythonhosted.org/packages/95/3e/252fcbffb47189aa84d723b54682e1bb6d05c8875fa50ce1ada914ae6e28/psycopg_binary-3.2.9-cp313-cp313-musllinux_1_2_i686.whl", hash = "sha256:5be8292d07a3ab828dc95b5ee6b69ca0a5b2e579a577b39671f4f5b47116dfd2", size = 3320576, upload-time = "2025-05-13T16:08:43.243Z" },
    { url = "https://files.pythonhosted.org/packages/1c/cd/9b5583936515d085a1bec32b45289ceb53b80d9ce1cea0fef4c782dc41a7/psycopg_binary-3.2.9-cp313-cp313-musllinux_1_2_ppc64le.whl", hash = "sha256:778588ca9897b6c6bab39b0d3034efff4c5438f5e3bd52fda3914175498202f9", size = 3411439, upload-time = "2025-05-13T16:08:47.321Z" },
    { url = "https://files.pythonhosted.org/packages/45/6b/6f1164ea1634c87956cdb6db759e0b8c5827f989ee3cdff0f5c70e8331f2/psycopg_binary-3.2.9-cp313-cp313-musllinux_1_2_x86_64.whl", hash = "sha256:f0d5b3af045a187aedbd7ed5fc513bd933a97aaff78e61c3745b330792c4345b", size = 3477477, upload-time = "2025-05-13T16:08:51.166Z" },
    { url = "https://files.pythonhosted.org/packages/7b/1d/bf54cfec79377929da600c16114f0da77a5f1670f45e0c3af9fcd36879bc/psycopg_binary-3.2.9-cp313-cp313-win_amd64.whl", hash = "sha256:2290bc146a1b6a9730350f695e8b670e1d1feb8446597bed0bbe7c3c30e0abcb", size = 2928009, upload-time = "2025-05-13T16:08:53.67Z" },
]

[[package]]
name = "pygments"
version = "2.19.2"
source = { registry = "https://pypi.org/simple" }
sdist = { url = "https://files.pythonhosted.org/packages/b0/77/a5b8c569bf593b0140bde72ea885a803b82086995367bf2037de0159d924/pygments-2.19.2.tar.gz", hash = "sha256:636cb2477cec7f8952536970bc533bc43743542f70392ae026374600add5b887", size = 4968631, upload-time = "2025-06-21T13:39:12.283Z" }
wheels = [
    { url = "https://files.pythonhosted.org/packages/c7/21/705964c7812476f378728bdf590ca4b771ec72385c533964653c68e86bdc/pygments-2.19.2-py3-none-any.whl", hash = "sha256:86540386c03d588bb81d44bc3928634ff26449851e99741617ecb9037ee5ec0b", size = 1225217, upload-time = "2025-06-21T13:39:07.939Z" },
]

[[package]]
name = "python-dateutil"
version = "2.9.0.post0"
source = { registry = "https://pypi.org/simple" }
dependencies = [
    { name = "six" },
]
sdist = { url = "https://files.pythonhosted.org/packages/66/c0/0c8b6ad9f17a802ee498c46e004a0eb49bc148f2fd230864601a86dcf6db/python-dateutil-2.9.0.post0.tar.gz", hash = "sha256:37dd54208da7e1cd875388217d5e00ebd4179249f90fb72437e91a35459a0ad3", size = 342432, upload-time = "2024-03-01T18:36:20.211Z" }
wheels = [
    { url = "https://files.pythonhosted.org/packages/ec/57/56b9bcc3c9c6a792fcbaf139543cee77261f3651ca9da0c93f5c1221264b/python_dateutil-2.9.0.post0-py2.py3-none-any.whl", hash = "sha256:a8b2bc7bffae282281c8140a97d3aa9c14da0b136dfe83f850eea9a5f7470427", size = 229892, upload-time = "2024-03-01T18:36:18.57Z" },
]

[[package]]
name = "python-telegram-bot"
version = "22.3"
source = { registry = "https://pypi.org/simple" }
dependencies = [
    { name = "httpx" },
]
sdist = { url = "https://files.pythonhosted.org/packages/db/fc/0196e0d7ad247011a560788db204e0a28d76ab75b3d7c7131878f8fb5a06/python_telegram_bot-22.3.tar.gz", hash = "sha256:513d5ab9db96dcf25272dad0a726555e80edf60d09246a7d0d425b77115f5440", size = 1464513, upload-time = "2025-07-20T20:03:09.805Z" }
wheels = [
    { url = "https://files.pythonhosted.org/packages/e5/54/0955bd46a1e046169500e129c7883664b6675d580074d68823485e4d5de1/python_telegram_bot-22.3-py3-none-any.whl", hash = "sha256:88fab2d1652dbfd5379552e8b904d86173c524fdb9270d3a8685f599ffe0299f", size = 717115, upload-time = "2025-07-20T20:03:07.261Z" },
]

[[package]]
name = "ruff"
version = "0.12.11"
source = { registry = "https://pypi.org/simple" }
sdist = { url = "https://files.pythonhosted.org/packages/de/55/16ab6a7d88d93001e1ae4c34cbdcfb376652d761799459ff27c1dc20f6fa/ruff-0.12.11.tar.gz", hash = "sha256:c6b09ae8426a65bbee5425b9d0b82796dbb07cb1af045743c79bfb163001165d", size = 5347103, upload-time = "2025-08-28T13:59:08.87Z" }
wheels = [
    { url = "https://files.pythonhosted.org/packages/d6/a2/3b3573e474de39a7a475f3fbaf36a25600bfeb238e1a90392799163b64a0/ruff-0.12.11-py3-none-linux_armv6l.whl", hash = "sha256:93fce71e1cac3a8bf9200e63a38ac5c078f3b6baebffb74ba5274fb2ab276065", size = 11979885, upload-time = "2025-08-28T13:58:26.654Z" },
    { url = "https://files.pythonhosted.org/packages/76/e4/235ad6d1785a2012d3ded2350fd9bc5c5af8c6f56820e696b0118dfe7d24/ruff-0.12.11-py3-none-macosx_10_12_x86_64.whl", hash = "sha256:b8e33ac7b28c772440afa80cebb972ffd823621ded90404f29e5ab6d1e2d4b93", size = 12742364, upload-time = "2025-08-28T13:58:30.256Z" },
    { url = "https://files.pythonhosted.org/packages/2c/0d/15b72c5fe6b1e402a543aa9d8960e0a7e19dfb079f5b0b424db48b7febab/ruff-0.12.11-py3-none-macosx_11_0_arm64.whl", hash = "sha256:d69fb9d4937aa19adb2e9f058bc4fbfe986c2040acb1a4a9747734834eaa0bfd", size = 11920111, upload-time = "2025-08-28T13:58:33.677Z" },
    { url = "https://files.pythonhosted.org/packages/3e/c0/f66339d7893798ad3e17fa5a1e587d6fd9806f7c1c062b63f8b09dda6702/ruff-0.12.11-py3-none-manylinux_2_17_aarch64.manylinux2014_aarch64.whl", hash = "sha256:411954eca8464595077a93e580e2918d0a01a19317af0a72132283e28ae21bee", size = 12160060, upload-time = "2025-08-28T13:58:35.74Z" },
    { url = "https://files.pythonhosted.org/packages/03/69/9870368326db26f20c946205fb2d0008988aea552dbaec35fbacbb46efaa/ruff-0.12.11-py3-none-manylinux_2_17_armv7l.manylinux2014_armv7l.whl", hash = "sha256:6a2c0a2e1a450f387bf2c6237c727dd22191ae8c00e448e0672d624b2bbd7fb0", size = 11799848, upload-time = "2025-08-28T13:58:38.051Z" },
    { url = "https://files.pythonhosted.org/packages/25/8c/dd2c7f990e9b3a8a55eee09d4e675027d31727ce33cdb29eab32d025bdc9/ruff-0.12.11-py3-none-manylinux_2_17_i686.manylinux2014_i686.whl", hash = "sha256:8ca4c3a7f937725fd2413c0e884b5248a19369ab9bdd850b5781348ba283f644", size = 13536288, upload-time = "2025-08-28T13:58:40.046Z" },
    { url = "https://files.pythonhosted.org/packages/7a/30/d5496fa09aba59b5e01ea76775a4c8897b13055884f56f1c35a4194c2297/ruff-0.12.11-py3-none-manylinux_2_17_ppc64.manylinux2014_ppc64.whl", hash = "sha256:4d1df0098124006f6a66ecf3581a7f7e754c4df7644b2e6704cd7ca80ff95211", size = 14490633, upload-time = "2025-08-28T13:58:42.285Z" },
    { url = "https://files.pythonhosted.org/packages/9b/2f/81f998180ad53445d403c386549d6946d0748e536d58fce5b5e173511183/ruff-0.12.11-py3-none-manylinux_2_17_ppc64le.manylinux2014_ppc64le.whl", hash = "sha256:5a8dd5f230efc99a24ace3b77e3555d3fbc0343aeed3fc84c8d89e75ab2ff793", size = 13888430, upload-time = "2025-08-28T13:58:44.641Z" },
    { url = "https://files.pythonhosted.org/packages/87/71/23a0d1d5892a377478c61dbbcffe82a3476b050f38b5162171942a029ef3/ruff-0.12.11-py3-none-manylinux_2_17_s390x.manylinux2014_s390x.whl", hash = "sha256:4dc75533039d0ed04cd33fb8ca9ac9620b99672fe7ff1533b6402206901c34ee", size = 12913133, upload-time = "2025-08-28T13:58:47.039Z" },
    { url = "https://files.pythonhosted.org/packages/80/22/3c6cef96627f89b344c933781ed38329bfb87737aa438f15da95907cbfd5/ruff-0.12.11-py3-none-manylinux_2_17_x86_64.manylinux2014_x86_64.whl", hash = "sha256:4fc58f9266d62c6eccc75261a665f26b4ef64840887fc6cbc552ce5b29f96cc8", size = 13169082, upload-time = "2025-08-28T13:58:49.157Z" },
    { url = "https://files.pythonhosted.org/packages/05/b5/68b3ff96160d8b49e8dd10785ff3186be18fd650d356036a3770386e6c7f/ruff-0.12.11-py3-none-manylinux_2_31_riscv64.whl", hash = "sha256:5a0113bd6eafd545146440225fe60b4e9489f59eb5f5f107acd715ba5f0b3d2f", size = 13139490, upload-time = "2025-08-28T13:58:51.593Z" },
    { url = "https://files.pythonhosted.org/packages/59/b9/050a3278ecd558f74f7ee016fbdf10591d50119df8d5f5da45a22c6afafc/ruff-0.12.11-py3-none-musllinux_1_2_aarch64.whl", hash = "sha256:0d737b4059d66295c3ea5720e6efc152623bb83fde5444209b69cd33a53e2000", size = 11958928, upload-time = "2025-08-28T13:58:53.943Z" },
    { url = "https://files.pythonhosted.org/packages/f9/bc/93be37347db854806904a43b0493af8d6873472dfb4b4b8cbb27786eb651/ruff-0.12.11-py3-none-musllinux_1_2_armv7l.whl", hash = "sha256:916fc5defee32dbc1fc1650b576a8fed68f5e8256e2180d4d9855aea43d6aab2", size = 11764513, upload-time = "2025-08-28T13:58:55.976Z" },
    { url = "https://files.pythonhosted.org/packages/7a/a1/1471751e2015a81fd8e166cd311456c11df74c7e8769d4aabfbc7584c7ac/ruff-0.12.11-py3-none-musllinux_1_2_i686.whl", hash = "sha256:c984f07d7adb42d3ded5be894fb4007f30f82c87559438b4879fe7aa08c62b39", size = 12745154, upload-time = "2025-08-28T13:58:58.16Z" },
    { url = "https://files.pythonhosted.org/packages/68/ab/2542b14890d0f4872dd81b7b2a6aed3ac1786fae1ce9b17e11e6df9e31e3/ruff-0.12.11-py3-none-musllinux_1_2_x86_64.whl", hash = "sha256:e07fbb89f2e9249f219d88331c833860489b49cdf4b032b8e4432e9b13e8a4b9", size = 13227653, upload-time = "2025-08-28T13:59:00.276Z" },
    { url = "https://files.pythonhosted.org/packages/22/16/2fbfc61047dbfd009c58a28369a693a1484ad15441723be1cd7fe69bb679/ruff-0.12.11-py3-none-win32.whl", hash = "sha256:c792e8f597c9c756e9bcd4d87cf407a00b60af77078c96f7b6366ea2ce9ba9d3", size = 11944270, upload-time = "2025-08-28T13:59:02.347Z" },
    { url = "https://files.pythonhosted.org/packages/08/a5/34276984705bfe069cd383101c45077ee029c3fe3b28225bf67aa35f0647/ruff-0.12.11-py3-none-win_amd64.whl", hash = "sha256:a3283325960307915b6deb3576b96919ee89432ebd9c48771ca12ee8afe4a0fd", size = 13046600, upload-time = "2025-08-28T13:59:04.751Z" },
    { url = "https://files.pythonhosted.org/packages/84/a8/001d4a7c2b37623a3fd7463208267fb906df40ff31db496157549cfd6e72/ruff-0.12.11-py3-none-win_arm64.whl", hash = "sha256:bae4d6e6a2676f8fb0f98b74594a048bae1b944aab17e9f5d504062303c6dbea", size = 12135290, upload-time = "2025-08-28T13:59:06.933Z" },
]

[[package]]
name = "six"
version = "1.17.0"
source = { registry = "https://pypi.org/simple" }
sdist = { url = "https://files.pythonhosted.org/packages/94/e7/b2c673351809dca68a0e064b6af791aa332cf192da575fd474ed7d6f16a2/six-1.17.0.tar.gz", hash = "sha256:ff70335d468e7eb6ec65b95b99d3a2836546063f63acc5171de367e834932a81", size = 34031, upload-time = "2024-12-04T17:35:28.174Z" }
wheels = [
    { url = "https://files.pythonhosted.org/packages/b7/ce/149a00dd41f10bc29e5921b496af8b574d8413afcd5e30dfa0ed46c2cc5e/six-1.17.0-py2.py3-none-any.whl", hash = "sha256:4721f391ed90541fddacab5acf947aa0d3dc7d27b2e1e8eda2be8970586c3274", size = 11050, upload-time = "2024-12-04T17:35:26.475Z" },
]

[[package]]
name = "sniffio"
version = "1.3.1"
source = { registry = "https://pypi.org/simple" }
sdist = { url = "https://files.pythonhosted.org/packages/a2/87/a6771e1546d97e7e041b6ae58d80074f81b7d5121207425c964ddf5cfdbd/sniffio-1.3.1.tar.gz", hash = "sha256:f4324edc670a0f49750a81b895f35c3adb843cca46f0530f79fc1babb23789dc", size = 20372, upload-time = "2024-02-25T23:20:04.057Z" }
wheels = [
    { url = "https://files.pythonhosted.org/packages/e9/44/75a9c9421471a6c4805dbf2356f7c181a29c1879239abab1ea2cc8f38b40/sniffio-1.3.1-py3-none-any.whl", hash = "sha256:2f6da418d1f1e0fddd844478f41680e794e6051915791a034ff65e5f100525a2", size = 10235, upload-time = "2024-02-25T23:20:01.196Z" },
]

[[package]]
name = "tzdata"
version = "2025.2"
source = { registry = "https://pypi.org/simple" }
sdist = { url = "https://files.pythonhosted.org/packages/95/32/1a225d6164441be760d75c2c42e2780dc0873fe382da3e98a2e1e48361e5/tzdata-2025.2.tar.gz", hash = "sha256:b60a638fcc0daffadf82fe0f57e53d06bdec2f36c4df66280ae79bce6bd6f2b9", size = 196380, upload-time = "2025-03-23T13:54:43.652Z" }
wheels = [
    { url = "https://files.pythonhosted.org/packages/5c/23/c7abc0ca0a1526a0774eca151daeb8de62ec457e77262b66b359c3c7679e/tzdata-2025.2-py2.py3-none-any.whl", hash = "sha256:1a403fada01ff9221ca8044d701868fa132215d84beb92242d9acd2147f667a8", size = 347839, upload-time = "2025-03-23T13:54:41.845Z" },
]

[[package]]
name = "uv"
version = "0.8.14"
source = { registry = "https://pypi.org/simple" }
sdist = { url = "https://files.pythonhosted.org/packages/e2/b0/c3bc06ba5f6b72ba3ad278e854292d81b7aaaea2b6988e40fdb892f813f8/uv-0.8.14.tar.gz", hash = "sha256:7c68e0cde3d048500c073696881c07c2bd97503fc77d7091e1454d3fd58febb4", size = 3543853, upload-time = "2025-08-28T21:55:59.769Z" }
wheels = [
    { url = "https://files.pythonhosted.org/packages/e8/a3/bf0a80a7770f5c11a735345073fdf085a031ecd0525ae229ceb3ed7496f5/uv-0.8.14-py3-none-linux_armv6l.whl", hash = "sha256:bae6621a72e6643f140c4e62f10d3a52d210ccdec48bf4f733e6a25d5739e533", size = 18810682, upload-time = "2025-08-28T21:55:07.027Z" },
    { url = "https://files.pythonhosted.org/packages/61/de/e8d3c1669edb70ae165ad6c06598ff237ddbc1dc743cc590a2c30c245b93/uv-0.8.14-py3-none-macosx_10_12_x86_64.whl", hash = "sha256:2334945ef3dba395067164c7e25b0c1420d8fdab9637d33cb753b5dbe0499b2c", size = 18939300, upload-time = "2025-08-28T21:55:11.244Z" },
    { url = "https://files.pythonhosted.org/packages/dc/61/9e4c3382f79cef69229f4f301ce1b391121f5a9d1015dd82487e08f0d718/uv-0.8.14-py3-none-macosx_11_0_arm64.whl", hash = "sha256:9a65096847d3341713be92e98cb35d5315d172690032405e8ae4e1b0c366a19a", size = 17555624, upload-time = "2025-08-28T21:55:14.107Z" },
    { url = "https://files.pythonhosted.org/packages/03/6d/5200cba528844e33586fadae78c06c054774e7702063356795f6cc124331/uv-0.8.14-py3-none-manylinux_2_17_aarch64.manylinux2014_aarch64.musllinux_1_1_aarch64.whl", hash = "sha256:f7a5d72e4fefae57f675cf0ac0adb9e68fb638f3f95be142b7f072fc6fddfe3e", size = 18151749, upload-time = "2025-08-28T21:55:16.904Z" },
    { url = "https://files.pythonhosted.org/packages/5a/b6/6f9407a792f0ca566b61276cadbffa032cff4039847ac77c47959151f753/uv-0.8.14-py3-none-manylinux_2_17_armv7l.manylinux2014_armv7l.whl", hash = "sha256:935b602d40f0c6a41337de81a02850d6892b0c8c6b5d98543fa229d5bb247364", size = 18472626, upload-time = "2025-08-28T21:55:19.994Z" },
    { url = "https://files.pythonhosted.org/packages/14/a2/2eadfccb1d6aa3672c947071b18c50cee41bdb9c9dba6d8af011a5c44e50/uv-0.8.14-py3-none-manylinux_2_17_i686.manylinux2014_i686.whl", hash = "sha256:34286de8d1244f06124c5bd7b4bfb5ef5791c147e0aa4473c7856c02fedc58ff", size = 19292728, upload-time = "2025-08-28T21:55:22.441Z" },
    { url = "https://files.pythonhosted.org/packages/b6/db/96071cddd37e4bfc9bd10c4daab0942c3d610da92f32c74de07621990455/uv-0.8.14-py3-none-manylinux_2_17_ppc64.manylinux2014_ppc64.whl", hash = "sha256:d26ea49a595992bc58d31bb6a10660a8015d902b6845c8ceed1e011866013593", size = 20577332, upload-time = "2025-08-28T21:55:25.774Z" },
    { url = "https://files.pythonhosted.org/packages/c9/4c/8e0da19b4bd5612bd782a82a1869c71e8ea059b59c547230146d36583a39/uv-0.8.14-py3-none-manylinux_2_17_ppc64le.manylinux2014_ppc64le.whl", hash = "sha256:2aa721841812e9a74cad883dbd0f6cf908309cc40a86ab33d3576a8b369595a9", size = 20317704, upload-time = "2025-08-28T21:55:28.537Z" },
    { url = "https://files.pythonhosted.org/packages/1c/f2/4ad6abe850e31663d3971eb4af4a3b6ef216870f4f2115ae65e72917ea02/uv-0.8.14-py3-none-manylinux_2_17_s390x.manylinux2014_s390x.whl", hash = "sha256:5088fa0ceff698a3fb2464f5cd7ebb4af59aa85db4ba83150d4c3af027251228", size = 19615504, upload-time = "2025-08-28T21:55:31.695Z" },
    { url = "https://files.pythonhosted.org/packages/ed/6c/b86f5f2f5aeebb0028034ea180399af23c8cbc42748bba0672c9cabdde38/uv-0.8.14-py3-none-manylinux_2_17_x86_64.manylinux2014_x86_64.whl", hash = "sha256:3853202f4eb0bedbe31b0b62b1323521e97306f44f8f4b6ed4bb13b636797873", size = 19605107, upload-time = "2025-08-28T21:55:34.33Z" },
    { url = "https://files.pythonhosted.org/packages/b4/04/7b019c63d26d296bf6dfd8ad9b86e51f84b2ec7f37d68f8b93138a3fa404/uv-0.8.14-py3-none-manylinux_2_28_aarch64.whl", hash = "sha256:e45047a89592a5b38c88caa6da5d1b70a05c9762ff1c5100f9700f85f533dc99", size = 18412515, upload-time = "2025-08-28T21:55:37.185Z" },
    { url = "https://files.pythonhosted.org/packages/59/b8/c277b6ff1e4fc6d2c4f000ebccef9c2879603875ab092390f7073b911bdf/uv-0.8.14-py3-none-manylinux_2_31_riscv64.whl", hash = "sha256:72971573f21e617267b3737750cdb8a9ae99862b06d23df7fde60fc9f8ef78d6", size = 19290057, upload-time = "2025-08-28T21:55:39.769Z" },
    { url = "https://files.pythonhosted.org/packages/ed/09/59f84ea996bc3bf52c88bc7ba2d988bc5edfd7d0a9aee7cc0500f77d83ce/uv-0.8.14-py3-none-musllinux_1_1_armv7l.whl", hash = "sha256:ab22d9712f6b06b04359cfaf625722a81fcd0f2335868738dbee26a79a93bd99", size = 18433918, upload-time = "2025-08-28T21:55:42.262Z" },
    { url = "https://files.pythonhosted.org/packages/fa/2c/8a76455ea1f578fab8a88457c4d50c28928860335d3420956b75661f5e7b/uv-0.8.14-py3-none-musllinux_1_1_i686.whl", hash = "sha256:b5003c30c44065b70e03f083d73af45c094f1f96d9c394acafd8f547c2aee4d0", size = 18800856, upload-time = "2025-08-28T21:55:44.697Z" },
    { url = "https://files.pythonhosted.org/packages/f7/87/16699c592d816325554702d771024fbe5ec39127bfbc06d5cb54843673bb/uv-0.8.14-py3-none-musllinux_1_1_x86_64.whl", hash = "sha256:dacfad1193c7facd3a414cc2f3468b4a79a07c565c776a3136f97527a628b960", size = 19704752, upload-time = "2025-08-28T21:55:47.375Z" },
    { url = "https://files.pythonhosted.org/packages/ce/e9/0cdeed22e6c540db493ea364040b17af09fabaa7a56c8ff02b9152819442/uv-0.8.14-py3-none-win32.whl", hash = "sha256:0a4abb2a327e3709ef02765dc392ee10e204275bdb107b492977f88633a1e6b0", size = 18630132, upload-time = "2025-08-28T21:55:51.988Z" },
    { url = "https://files.pythonhosted.org/packages/45/5e/9bf7004bd53e9279265d73a131fe2a6c7d74c1125c53e805b5e9f4047f37/uv-0.8.14-py3-none-win_amd64.whl", hash = "sha256:5091d588753bbbd1f120f13311ede2ae113d7ec2760e149fc502a237f2516075", size = 20672637, upload-time = "2025-08-28T21:55:55.341Z" },
    { url = "https://files.pythonhosted.org/packages/d8/7f/41074c81faa36a34d44524997c345a857bd82d7f73ea60e24dca606306ec/uv-0.8.14-py3-none-win_arm64.whl", hash = "sha256:7c424fd4561f4528d8b52fc8c16991d0ad0000d3ad12c82e01e722f314b2669d", size = 19171656, upload-time = "2025-08-28T21:55:57.799Z" },
]
